github.com/lvdund/ngap v1.4.13 h1:VAYGK0T085lrKCLlExipAK2Wd+LzwTqNgj2ZCwNjN+w=
github.com/lvdund/ngap v1.4.13/go.mod h1:zoTbbMXZWrEMTFgwuhQ+kXDkXdUlCAPkJwGbi1GFfq0=
github.com/reogac/utils v1.0.0 h1:fjjtOltRo/biNMzDfCPDKdKo4UzHB8AT1I60rqPCBjU=
github.com/reogac/utils v1.0.0/go.mod h1:orVeEpycNZnCi9woKZaz/2At/kVUWHW2BIHw2m1pjBg=
