github.com/ishidawataru/sctp v0.0.0-20230406120618-7ff4192f6ff2 h1:i2fYnDurfLlJH8AyyMOnkLHnHeP8Ff/DDpuZA/D3bPo=
github.com/ishidawataru/sctp v0.0.0-20230406120618-7ff4192f6ff2/go.mod h1:co9pwDoBCm1kGxawmb4sPq0cSIOOWNPT4KnHotMP1Zg=
github.com/lvdund/asn1go v1.1.0 h1:hsZoLwqhjVzJl4Op2FL3agq+2sDa3RYYId6JKTuDD2Q=
github.com/lvdund/asn1go v1.1.0/go.mod h1:lhhceTkVWaX+hDGCNAaCp3Ac2FIRMKqvzt5CJSxj97A=
